
Microsoft Visual Studio Solution File, Format Version 12.00
Project("{FAE04EC0-301F-11D3-BF4B-00C04F79EFBC}") = "Endpoint", "Imagegram\src\Endpoint\Endpoint.csproj", "{8F12A484-076C-4B01-822E-9AC7C02CC1C4}"
EndProject
Project("{FAE04EC0-301F-11D3-BF4B-00C04F79EFBC}") = "Imagegram.Tests", "Imagegram\test\Imagegram.Tests\Imagegram.Tests.csproj", "{47670599-4D47-45C5-9EFC-EFF5709E321F}"
EndProject
Project("{FAE04EC0-301F-11D3-BF4B-00C04F79EFBC}") = "Dynamo", "Imagegram\src\Persistence\Dynamo\Dynamo.csproj", "{46F420AD-C8D8-493F-BB09-150494A2632A}"
EndProject
Project("{FAE04EC0-301F-11D3-BF4B-00C04F79EFBC}") = "Domain", "Imagegram\src\Domain\Domain.csproj", "{9C32B79E-3E0F-42C0-ADE2-E049EC7C9538}"
EndProject
Project("{FAE04EC0-301F-11D3-BF4B-00C04F79EFBC}") = "S3", "Imagegram\src\Persistence\S3\S3.csproj", "{9CB8CB92-F064-4B02-A2BC-D0578DCA5AAF}"
EndProject
Project("{FAE04EC0-301F-11D3-BF4B-00C04F79EFBC}") = "Application", "Imagegram\src\Application\Application.csproj", "{805DA5FD-204E-4006-A6D0-E38E39619457}"
EndProject
Global
	GlobalSection(SolutionConfigurationPlatforms) = preSolution
		Debug|Any CPU = Debug|Any CPU
		Release|Any CPU = Release|Any CPU
	EndGlobalSection
	GlobalSection(ProjectConfigurationPlatforms) = postSolution
		{8F12A484-076C-4B01-822E-9AC7C02CC1C4}.Debug|Any CPU.ActiveCfg = Debug|Any CPU
		{8F12A484-076C-4B01-822E-9AC7C02CC1C4}.Debug|Any CPU.Build.0 = Debug|Any CPU
		{8F12A484-076C-4B01-822E-9AC7C02CC1C4}.Release|Any CPU.ActiveCfg = Release|Any CPU
		{8F12A484-076C-4B01-822E-9AC7C02CC1C4}.Release|Any CPU.Build.0 = Release|Any CPU
		{47670599-4D47-45C5-9EFC-EFF5709E321F}.Debug|Any CPU.ActiveCfg = Debug|Any CPU
		{47670599-4D47-45C5-9EFC-EFF5709E321F}.Debug|Any CPU.Build.0 = Debug|Any CPU
		{47670599-4D47-45C5-9EFC-EFF5709E321F}.Release|Any CPU.ActiveCfg = Release|Any CPU
		{47670599-4D47-45C5-9EFC-EFF5709E321F}.Release|Any CPU.Build.0 = Release|Any CPU
		{46F420AD-C8D8-493F-BB09-150494A2632A}.Debug|Any CPU.ActiveCfg = Debug|Any CPU
		{46F420AD-C8D8-493F-BB09-150494A2632A}.Debug|Any CPU.Build.0 = Debug|Any CPU
		{46F420AD-C8D8-493F-BB09-150494A2632A}.Release|Any CPU.ActiveCfg = Release|Any CPU
		{46F420AD-C8D8-493F-BB09-150494A2632A}.Release|Any CPU.Build.0 = Release|Any CPU
		{9C32B79E-3E0F-42C0-ADE2-E049EC7C9538}.Debug|Any CPU.ActiveCfg = Debug|Any CPU
		{9C32B79E-3E0F-42C0-ADE2-E049EC7C9538}.Debug|Any CPU.Build.0 = Debug|Any CPU
		{9C32B79E-3E0F-42C0-ADE2-E049EC7C9538}.Release|Any CPU.ActiveCfg = Release|Any CPU
		{9C32B79E-3E0F-42C0-ADE2-E049EC7C9538}.Release|Any CPU.Build.0 = Release|Any CPU
		{9CB8CB92-F064-4B02-A2BC-D0578DCA5AAF}.Debug|Any CPU.ActiveCfg = Debug|Any CPU
		{9CB8CB92-F064-4B02-A2BC-D0578DCA5AAF}.Debug|Any CPU.Build.0 = Debug|Any CPU
		{9CB8CB92-F064-4B02-A2BC-D0578DCA5AAF}.Release|Any CPU.ActiveCfg = Release|Any CPU
		{9CB8CB92-F064-4B02-A2BC-D0578DCA5AAF}.Release|Any CPU.Build.0 = Release|Any CPU
		{805DA5FD-204E-4006-A6D0-E38E39619457}.Debug|Any CPU.ActiveCfg = Debug|Any CPU
		{805DA5FD-204E-4006-A6D0-E38E39619457}.Debug|Any CPU.Build.0 = Debug|Any CPU
		{805DA5FD-204E-4006-A6D0-E38E39619457}.Release|Any CPU.ActiveCfg = Release|Any CPU
		{805DA5FD-204E-4006-A6D0-E38E39619457}.Release|Any CPU.Build.0 = Release|Any CPU
	EndGlobalSection
EndGlobal
